
Microsoft Visual Studio Solution File, Format Version 12.00
# Visual Studio Version 16
VisualStudioVersion = 16.0.31105.61
MinimumVisualStudioVersion = 10.0.40219.1
Project("{FAE04EC0-301F-11D3-BF4B-00C04F79EFBC}") = "Saibadata.ApiTools", "Saibadata.ApiTools\Saibadata.ApiTools.csproj", "{2882E1CE-DDA9-4828-AB35-DE35EFA81AC6}"
EndProject
Global
	GlobalSection(SolutionConfigurationPlatforms) = preSolution
		Debug|Any CPU = Debug|Any CPU
		Release|Any CPU = Release|Any CPU
	EndGlobalSection
	GlobalSection(ProjectConfigurationPlatforms) = postSolution
		{2882E1CE-DDA9-4828-AB35-DE35EFA81AC6}.Debug|Any CPU.ActiveCfg = Debug|Any CPU
		{2882E1CE-DDA9-4828-AB35-DE35EFA81AC6}.Debug|Any CPU.Build.0 = Debug|Any CPU
		{2882E1CE-DDA9-4828-AB35-DE35EFA81AC6}.Release|Any CPU.ActiveCfg = Release|Any CPU
		{2882E1CE-DDA9-4828-AB35-DE35EFA81AC6}.Release|Any CPU.Build.0 = Release|Any CPU
	EndGlobalSection
	GlobalSection(SolutionProperties) = preSolution
		HideSolutionNode = FALSE
	EndGlobalSection
	GlobalSection(ExtensibilityGlobals) = postSolution
		SolutionGuid = {12887D41-588B-4FE9-BE39-98959CFA0A22}
	EndGlobalSection
EndGlobal
